
Microsoft Visual Studio Solution File, Format Version 12.00
# Visual Studio 15
VisualStudioVersion = 15.0.27130.2020
MinimumVisualStudioVersion = 10.0.40219.1
Project("{FAE04EC0-301F-11D3-BF4B-00C04F79EFBC}") = "WpfAppFP", "WpfAppFP\WpfAppFP.csproj", "{6AF2E800-81E7-4AB0-B951-DA516ACB680D}"
EndProject
Project("{FAE04EC0-301F-11D3-BF4B-00C04F79EFBC}") = "Func", "Func\Func.csproj", "{361D4E0A-95FE-41EF-98C5-44062DDE5FCC}"
EndProject
Project("{6EC3EE1D-3C4E-46DD-8F32-0CC8E7565705}") = "Paginator", "Paginator\Paginator.fsproj", "{47751F12-98F7-49F2-8B33-98CC9277851A}"
EndProject
Project("{F2A71F9B-5D33-465A-A702-920D77279786}") = "ConsoleAppCore", "ConsoleAppCore\ConsoleAppCore.fsproj", "{97160F3C-771D-4B42-8813-24AF609CE9CC}"
EndProject
Global
	GlobalSection(SolutionConfigurationPlatforms) = preSolution
		Debug|Any CPU = Debug|Any CPU
		Debug|ARM = Debug|ARM
		Debug|x64 = Debug|x64
		Debug|x86 = Debug|x86
		Release|Any CPU = Release|Any CPU
		Release|ARM = Release|ARM
		Release|x64 = Release|x64
		Release|x86 = Release|x86
	EndGlobalSection
	GlobalSection(ProjectConfigurationPlatforms) = postSolution
		{6AF2E800-81E7-4AB0-B951-DA516ACB680D}.Debug|Any CPU.ActiveCfg = Debug|Any CPU
		{6AF2E800-81E7-4AB0-B951-DA516ACB680D}.Debug|Any CPU.Build.0 = Debug|Any CPU
		{6AF2E800-81E7-4AB0-B951-DA516ACB680D}.Debug|ARM.ActiveCfg = Debug|Any CPU
		{6AF2E800-81E7-4AB0-B951-DA516ACB680D}.Debug|ARM.Build.0 = Debug|Any CPU
		{6AF2E800-81E7-4AB0-B951-DA516ACB680D}.Debug|x64.ActiveCfg = Debug|Any CPU
		{6AF2E800-81E7-4AB0-B951-DA516ACB680D}.Debug|x64.Build.0 = Debug|Any CPU
		{6AF2E800-81E7-4AB0-B951-DA516ACB680D}.Debug|x86.ActiveCfg = Debug|Any CPU
		{6AF2E800-81E7-4AB0-B951-DA516ACB680D}.Debug|x86.Build.0 = Debug|Any CPU
		{6AF2E800-81E7-4AB0-B951-DA516ACB680D}.Release|Any CPU.ActiveCfg = Release|Any CPU
		{6AF2E800-81E7-4AB0-B951-DA516ACB680D}.Release|Any CPU.Build.0 = Release|Any CPU
		{6AF2E800-81E7-4AB0-B951-DA516ACB680D}.Release|ARM.ActiveCfg = Release|Any CPU
		{6AF2E800-81E7-4AB0-B951-DA516ACB680D}.Release|ARM.Build.0 = Release|Any CPU
		{6AF2E800-81E7-4AB0-B951-DA516ACB680D}.Release|x64.ActiveCfg = Release|Any CPU
		{6AF2E800-81E7-4AB0-B951-DA516ACB680D}.Release|x64.Build.0 = Release|Any CPU
		{6AF2E800-81E7-4AB0-B951-DA516ACB680D}.Release|x86.ActiveCfg = Release|Any CPU
		{6AF2E800-81E7-4AB0-B951-DA516ACB680D}.Release|x86.Build.0 = Release|Any CPU
		{361D4E0A-95FE-41EF-98C5-44062DDE5FCC}.Debug|Any CPU.ActiveCfg = Debug|Any CPU
		{361D4E0A-95FE-41EF-98C5-44062DDE5FCC}.Debug|Any CPU.Build.0 = Debug|Any CPU
		{361D4E0A-95FE-41EF-98C5-44062DDE5FCC}.Debug|ARM.ActiveCfg = Debug|Any CPU
		{361D4E0A-95FE-41EF-98C5-44062DDE5FCC}.Debug|ARM.Build.0 = Debug|Any CPU
		{361D4E0A-95FE-41EF-98C5-44062DDE5FCC}.Debug|x64.ActiveCfg = Debug|Any CPU
		{361D4E0A-95FE-41EF-98C5-44062DDE5FCC}.Debug|x64.Build.0 = Debug|Any CPU
		{361D4E0A-95FE-41EF-98C5-44062DDE5FCC}.Debug|x86.ActiveCfg = Debug|Any CPU
		{361D4E0A-95FE-41EF-98C5-44062DDE5FCC}.Debug|x86.Build.0 = Debug|Any CPU
		{361D4E0A-95FE-41EF-98C5-44062DDE5FCC}.Release|Any CPU.ActiveCfg = Release|Any CPU
		{361D4E0A-95FE-41EF-98C5-44062DDE5FCC}.Release|Any CPU.Build.0 = Release|Any CPU
		{361D4E0A-95FE-41EF-98C5-44062DDE5FCC}.Release|ARM.ActiveCfg = Release|Any CPU
		{361D4E0A-95FE-41EF-98C5-44062DDE5FCC}.Release|ARM.Build.0 = Release|Any CPU
		{361D4E0A-95FE-41EF-98C5-44062DDE5FCC}.Release|x64.ActiveCfg = Release|Any CPU
		{361D4E0A-95FE-41EF-98C5-44062DDE5FCC}.Release|x64.Build.0 = Release|Any CPU
		{361D4E0A-95FE-41EF-98C5-44062DDE5FCC}.Release|x86.ActiveCfg = Release|Any CPU
		{361D4E0A-95FE-41EF-98C5-44062DDE5FCC}.Release|x86.Build.0 = Release|Any CPU
		{47751F12-98F7-49F2-8B33-98CC9277851A}.Debug|Any CPU.ActiveCfg = Debug|Any CPU
		{47751F12-98F7-49F2-8B33-98CC9277851A}.Debug|Any CPU.Build.0 = Debug|Any CPU
		{47751F12-98F7-49F2-8B33-98CC9277851A}.Debug|ARM.ActiveCfg = Debug|Any CPU
		{47751F12-98F7-49F2-8B33-98CC9277851A}.Debug|ARM.Build.0 = Debug|Any CPU
		{47751F12-98F7-49F2-8B33-98CC9277851A}.Debug|x64.ActiveCfg = Debug|Any CPU
		{47751F12-98F7-49F2-8B33-98CC9277851A}.Debug|x64.Build.0 = Debug|Any CPU
		{47751F12-98F7-49F2-8B33-98CC9277851A}.Debug|x86.ActiveCfg = Debug|Any CPU
		{47751F12-98F7-49F2-8B33-98CC9277851A}.Debug|x86.Build.0 = Debug|Any CPU
		{47751F12-98F7-49F2-8B33-98CC9277851A}.Release|Any CPU.ActiveCfg = Release|Any CPU
		{47751F12-98F7-49F2-8B33-98CC9277851A}.Release|Any CPU.Build.0 = Release|Any CPU
		{47751F12-98F7-49F2-8B33-98CC9277851A}.Release|ARM.ActiveCfg = Release|Any CPU
		{47751F12-98F7-49F2-8B33-98CC9277851A}.Release|ARM.Build.0 = Release|Any CPU
		{47751F12-98F7-49F2-8B33-98CC9277851A}.Release|x64.ActiveCfg = Release|Any CPU
		{47751F12-98F7-49F2-8B33-98CC9277851A}.Release|x64.Build.0 = Release|Any CPU
		{47751F12-98F7-49F2-8B33-98CC9277851A}.Release|x86.ActiveCfg = Release|Any CPU
		{47751F12-98F7-49F2-8B33-98CC9277851A}.Release|x86.Build.0 = Release|Any CPU
		{97160F3C-771D-4B42-8813-24AF609CE9CC}.Debug|Any CPU.ActiveCfg = Debug|Any CPU
		{97160F3C-771D-4B42-8813-24AF609CE9CC}.Debug|Any CPU.Build.0 = Debug|Any CPU
		{97160F3C-771D-4B42-8813-24AF609CE9CC}.Debug|ARM.ActiveCfg = Debug|Any CPU
		{97160F3C-771D-4B42-8813-24AF609CE9CC}.Debug|ARM.Build.0 = Debug|Any CPU
		{97160F3C-771D-4B42-8813-24AF609CE9CC}.Debug|x64.ActiveCfg = Debug|Any CPU
		{97160F3C-771D-4B42-8813-24AF609CE9CC}.Debug|x64.Build.0 = Debug|Any CPU
		{97160F3C-771D-4B42-8813-24AF609CE9CC}.Debug|x86.ActiveCfg = Debug|Any CPU
		{97160F3C-771D-4B42-8813-24AF609CE9CC}.Debug|x86.Build.0 = Debug|Any CPU
		{97160F3C-771D-4B42-8813-24AF609CE9CC}.Release|Any CPU.ActiveCfg = Release|Any CPU
		{97160F3C-771D-4B42-8813-24AF609CE9CC}.Release|Any CPU.Build.0 = Release|Any CPU
		{97160F3C-771D-4B42-8813-24AF609CE9CC}.Release|ARM.ActiveCfg = Release|Any CPU
		{97160F3C-771D-4B42-8813-24AF609CE9CC}.Release|ARM.Build.0 = Release|Any CPU
		{97160F3C-771D-4B42-8813-24AF609CE9CC}.Release|x64.ActiveCfg = Release|Any CPU
		{97160F3C-771D-4B42-8813-24AF609CE9CC}.Release|x64.Build.0 = Release|Any CPU
		{97160F3C-771D-4B42-8813-24AF609CE9CC}.Release|x86.ActiveCfg = Release|Any CPU
		{97160F3C-771D-4B42-8813-24AF609CE9CC}.Release|x86.Build.0 = Release|Any CPU
	EndGlobalSection
	GlobalSection(SolutionProperties) = preSolution
		HideSolutionNode = FALSE
	EndGlobalSection
	GlobalSection(ExtensibilityGlobals) = postSolution
		SolutionGuid = {BEF567A9-1062-499B-83DC-C315A3FE9BB4}
	EndGlobalSection
EndGlobal
